
Microsoft Visual Studio Solution File, Format Version 12.00
# Visual Studio Version 16
VisualStudioVersion = 16.0.29926.136
MinimumVisualStudioVersion = 10.0.40219.1
Project("{FAE04EC0-301F-11D3-BF4B-00C04F79EFBC}") = "ParksapediaAPI", "ParksapediaAPI.csproj", "{16D03EDD-AE26-4B52-9E3B-8FBFFF663E96}"
EndProject
Global
	GlobalSection(SolutionConfigurationPlatforms) = preSolution
		Debug|Any CPU = Debug|Any CPU
		Release|Any CPU = Release|Any CPU
	EndGlobalSection
	GlobalSection(ProjectConfigurationPlatforms) = postSolution
		{16D03EDD-AE26-4B52-9E3B-8FBFFF663E96}.Debug|Any CPU.ActiveCfg = Debug|Any CPU
		{16D03EDD-AE26-4B52-9E3B-8FBFFF663E96}.Debug|Any CPU.Build.0 = Debug|Any CPU
		{16D03EDD-AE26-4B52-9E3B-8FBFFF663E96}.Release|Any CPU.ActiveCfg = Release|Any CPU
		{16D03EDD-AE26-4B52-9E3B-8FBFFF663E96}.Release|Any CPU.Build.0 = Release|Any CPU
	EndGlobalSection
	GlobalSection(SolutionProperties) = preSolution
		HideSolutionNode = FALSE
	EndGlobalSection
	GlobalSection(ExtensibilityGlobals) = postSolution
		SolutionGuid = {4685FDAC-39CD-4B06-BF35-A4CD4140A190}
	EndGlobalSection
EndGlobal
